Microsoft Visual Studio Solution File, Format Version 12.00
# Visual Studio Version 17
VisualStudioVersion = 17.5.2.0
MinimumVisualStudioVersion = 10.0.40219.1
Project("{FAE04EC0-301F-11D3-BF4B-00C04F79EFBC}") = "Modelo_Veterinaria", "Modelo_Veterinaria.csproj", "{2381E444-D1F1-EEB5-2D86-73406268C5FC}"
EndProject
Global
	GlobalSection(SolutionConfigurationPlatforms) = preSolution
		Debug|Any CPU = Debug|Any CPU
		Release|Any CPU = Release|Any CPU
	EndGlobalSection
	GlobalSection(ProjectConfigurationPlatforms) = postSolution
		{2381E444-D1F1-EEB5-2D86-73406268C5FC}.Debug|Any CPU.ActiveCfg = Debug|Any CPU
		{2381E444-D1F1-EEB5-2D86-73406268C5FC}.Debug|Any CPU.Build.0 = Debug|Any CPU
		{2381E444-D1F1-EEB5-2D86-73406268C5FC}.Release|Any CPU.ActiveCfg = Release|Any CPU
		{2381E444-D1F1-EEB5-2D86-73406268C5FC}.Release|Any CPU.Build.0 = Release|Any CPU
	EndGlobalSection
	GlobalSection(SolutionProperties) = preSolution
		HideSolutionNode = FALSE
	EndGlobalSection
	GlobalSection(ExtensibilityGlobals) = postSolution
		SolutionGuid = {35B3A107-C565-4673-A5C6-6646DD491411}
	EndGlobalSection
EndGlobal
